// !$*UTF8*$!
{
	archiveVersion = 1;
	classes = {
	};
	objectVersion = 55;
	objects = {

/* Begin PBXBuildFile section */
		3FF9FDEE2800F4B800774802 /* UserModel.swift in Sources */ = {isa = PBXBuildFile; fileRef = 3FF9FDED2800F4B800774802 /* UserModel.swift */; };
		3FF9FDF02800F62600774802 /* ItemModel.swift in Sources */ = {isa = PBXBuildFile; fileRef = 3FF9FDEF2800F62600774802 /* ItemModel.swift */; };
		964D59FD2800E6AE00AB2856 /* DBFunctions.swift in Sources */ = {isa = PBXBuildFile; fileRef = 964D59FC2800E6AE00AB2856 /* DBFunctions.swift */; };
		964D59FF2800F3DB00AB2856 /* DataModels.swift in Sources */ = {isa = PBXBuildFile; fileRef = 964D59FE2800F3DB00AB2856 /* DataModels.swift */; };
		965A13EE27F8C19000B5399D /* WardrobeApp.swift in Sources */ = {isa = PBXBuildFile; fileRef = 965A13ED27F8C19000B5399D /* WardrobeApp.swift */; };
		965A13F027F8C19000B5399D /* ContentView.swift in Sources */ = {isa = PBXBuildFile; fileRef = 965A13EF27F8C19000B5399D /* ContentView.swift */; };
		965A13F227F8C19300B5399D /* Assets.xcassets in Resources */ = {isa = PBXBuildFile; fileRef = 965A13F127F8C19300B5399D /* Assets.xcassets */; };
		965A13F527F8C19300B5399D /* Preview Assets.xcassets in Resources */ = {isa = PBXBuildFile; fileRef = 965A13F427F8C19300B5399D /* Preview Assets.xcassets */; };
		965A13FF27F8C19400B5399D /* WardrobeTests.swift in Sources */ = {isa = PBXBuildFile; fileRef = 965A13FE27F8C19400B5399D /* WardrobeTests.swift */; };
		965A140927F8C19400B5399D /* WardrobeUITests.swift in Sources */ = {isa = PBXBuildFile; fileRef = 965A140827F8C19400B5399D /* WardrobeUITests.swift */; };
		965A140B27F8C19400B5399D /* WardrobeUITestsLaunchTests.swift in Sources */ = {isa = PBXBuildFile; fileRef = 965A140A27F8C19400B5399D /* WardrobeUITestsLaunchTests.swift */; };
		965A141A27F8C42F00B5399D /* GoogleService-Info.plist in Resources */ = {isa = PBXBuildFile; fileRef = 965A141927F8C42F00B5399D /* GoogleService-Info.plist */; };
		965A141B27F8C42F00B5399D /* GoogleService-Info.plist in Resources */ = {isa = PBXBuildFile; fileRef = 965A141927F8C42F00B5399D /* GoogleService-Info.plist */; };
		965A141C27F8C42F00B5399D /* GoogleService-Info.plist in Resources */ = {isa = PBXBuildFile; fileRef = 965A141927F8C42F00B5399D /* GoogleService-Info.plist */; };
		E9B15F1427FE1CA9001D4275 /* FirebaseAnalytics in Frameworks */ = {isa = PBXBuildFile; productRef = E9B15F1327FE1CA9001D4275 /* FirebaseAnalytics */; };
		E9B15F1627FE1CA9001D4275 /* FirebaseAnalyticsWithoutAdIdSupport in Frameworks */ = {isa = PBXBuildFile; productRef = E9B15F1527FE1CA9001D4275 /* FirebaseAnalyticsWithoutAdIdSupport */; };
		E9B15F1827FE1CA9001D4275 /* FirebaseAppCheck in Frameworks */ = {isa = PBXBuildFile; productRef = E9B15F1727FE1CA9001D4275 /* FirebaseAppCheck */; };
		E9B15F1A27FE1CA9001D4275 /* FirebaseAuth in Frameworks */ = {isa = PBXBuildFile; productRef = E9B15F1927FE1CA9001D4275 /* FirebaseAuth */; };
		E9B15F1C27FE1CA9001D4275 /* FirebaseCrashlytics in Frameworks */ = {isa = PBXBuildFile; productRef = E9B15F1B27FE1CA9001D4275 /* FirebaseCrashlytics */; };
		E9B15F1E27FE1CA9001D4275 /* FirebaseDatabase in Frameworks */ = {isa = PBXBuildFile; productRef = E9B15F1D27FE1CA9001D4275 /* FirebaseDatabase */; };
		E9B15F2027FE1CA9001D4275 /* FirebaseDynamicLinks in Frameworks */ = {isa = PBXBuildFile; productRef = E9B15F1F27FE1CA9001D4275 /* FirebaseDynamicLinks */; };
		E9B15F2227FE1CA9001D4275 /* FirebaseFirestore in Frameworks */ = {isa = PBXBuildFile; productRef = E9B15F2127FE1CA9001D4275 /* FirebaseFirestore */; };
		E9B15F2427FE1CA9001D4275 /* FirebaseFunctions in Frameworks */ = {isa = PBXBuildFile; productRef = E9B15F2327FE1CA9001D4275 /* FirebaseFunctions */; };
		E9B15F2627FE1CA9001D4275 /* FirebaseInstallations in Frameworks */ = {isa = PBXBuildFile; productRef = E9B15F2527FE1CA9001D4275 /* FirebaseInstallations */; };
		E9B15F2827FE1CA9001D4275 /* FirebaseMessaging in Frameworks */ = {isa = PBXBuildFile; productRef = E9B15F2727FE1CA9001D4275 /* FirebaseMessaging */; };
		E9B15F2A27FE1CA9001D4275 /* FirebasePerformance in Frameworks */ = {isa = PBXBuildFile; productRef = E9B15F2927FE1CA9001D4275 /* FirebasePerformance */; };
		E9B15F2C27FE1CA9001D4275 /* FirebaseRemoteConfig in Frameworks */ = {isa = PBXBuildFile; productRef = E9B15F2B27FE1CA9001D4275 /* FirebaseRemoteConfig */; };
		E9B15F2E27FE1CA9001D4275 /* FirebaseStorage in Frameworks */ = {isa = PBXBuildFile; productRef = E9B15F2D27FE1CA9001D4275 /* FirebaseStorage */; };
/* End PBXBuildFile section */

/* Begin PBXContainerItemProxy section */
		965A13FB27F8C19400B5399D /* PBXContainerItemProxy */ = {
			isa = PBXContainerItemProxy;
			containerPortal = 965A13E227F8C19000B5399D /* Project object */;
			proxyType = 1;
			remoteGlobalIDString = 965A13E927F8C19000B5399D;
			remoteInfo = Wardrobe;
		};
		965A140527F8C19400B5399D /* PBXContainerItemProxy */ = {
			isa = PBXContainerItemProxy;
			containerPortal = 965A13E227F8C19000B5399D /* Project object */;
			proxyType = 1;
			remoteGlobalIDString = 965A13E927F8C19000B5399D;
			remoteInfo = Wardrobe;
		};
/* End PBXContainerItemProxy section */

/* Begin PBXFileReference section */
		3FF9FDED2800F4B800774802 /* UserModel.swift */ = {isa = PBXFileReference; lastKnownFileType = sourcecode.swift; path = UserModel.swift; sourceTree = "<group>"; };
		3FF9FDEF2800F62600774802 /* ItemModel.swift */ = {isa = PBXFileReference; lastKnownFileType = sourcecode.swift; path = ItemModel.swift; sourceTree = "<group>"; };
		964D59FC2800E6AE00AB2856 /* DBFunctions.swift */ = {isa = PBXFileReference; lastKnownFileType = sourcecode.swift; path = DBFunctions.swift; sourceTree = "<group>"; };
		964D59FE2800F3DB00AB2856 /* DataModels.swift */ = {isa = PBXFileReference; lastKnownFileType = sourcecode.swift; path = DataModels.swift; sourceTree = "<group>"; };
		965A13EA27F8C19000B5399D /* Wardrobe.app */ = {isa = PBXFileReference; explicitFileType = wrapper.application; includeInIndex = 0; path = Wardrobe.app; sourceTree = BUILT_PRODUCTS_DIR; };
		965A13ED27F8C19000B5399D /* WardrobeApp.swift */ = {isa = PBXFileReference; lastKnownFileType = sourcecode.swift; path = WardrobeApp.swift; sourceTree = "<group>"; };
		965A13EF27F8C19000B5399D /* ContentView.swift */ = {isa = PBXFileReference; lastKnownFileType = sourcecode.swift; path = ContentView.swift; sourceTree = "<group>"; };
		965A13F127F8C19300B5399D /* Assets.xcassets */ = {isa = PBXFileReference; lastKnownFileType = folder.assetcatalog; path = Assets.xcassets; sourceTree = "<group>"; };
		965A13F427F8C19300B5399D /* Preview Assets.xcassets */ = {isa = PBXFileReference; lastKnownFileType = folder.assetcatalog; path = "Preview Assets.xcassets"; sourceTree = "<group>"; };
		965A13FA27F8C19400B5399D /* WardrobeTests.xctest */ = {isa = PBXFileReference; explicitFileType = wrapper.cfbundle; includeInIndex = 0; path = WardrobeTests.xctest; sourceTree = BUILT_PRODUCTS_DIR; };
		965A13FE27F8C19400B5399D /* WardrobeTests.swift */ = {isa = PBXFileReference; lastKnownFileType = sourcecode.swift; path = WardrobeTests.swift; sourceTree = "<group>"; };
		965A140427F8C19400B5399D /* WardrobeUITests.xctest */ = {isa = PBXFileReference; explicitFileType = wrapper.cfbundle; includeInIndex = 0; path = WardrobeUITests.xctest; sourceTree = BUILT_PRODUCTS_DIR; };
		965A140827F8C19400B5399D /* WardrobeUITests.swift */ = {isa = PBXFileReference; lastKnownFileType = sourcecode.swift; path = WardrobeUITests.swift; sourceTree = "<group>"; };
		965A140A27F8C19400B5399D /* WardrobeUITestsLaunchTests.swift */ = {isa = PBXFileReference; lastKnownFileType = sourcecode.swift; path = WardrobeUITestsLaunchTests.swift; sourceTree = "<group>"; };
		965A141927F8C42F00B5399D /* GoogleService-Info.plist */ = {isa = PBXFileReference; fileEncoding = 4; lastKnownFileType = text.plist.xml; path = "GoogleService-Info.plist"; sourceTree = "<group>"; };
/* End PBXFileReference section */

/* Begin PBXFrameworksBuildPhase section */
		965A13E727F8C19000B5399D /* Frameworks */ = {
			isa = PBXFrameworksBuildPhase;
			buildActionMask = 2147483647;
			files = (
				E9B15F1E27FE1CA9001D4275 /* FirebaseDatabase in Frameworks */,
				E9B15F1427FE1CA9001D4275 /* FirebaseAnalytics in Frameworks */,
				E9B15F2A27FE1CA9001D4275 /* FirebasePerformance in Frameworks */,
				E9B15F1827FE1CA9001D4275 /* FirebaseAppCheck in Frameworks */,
				E9B15F2427FE1CA9001D4275 /* FirebaseFunctions in Frameworks */,
				E9B15F1C27FE1CA9001D4275 /* FirebaseCrashlytics in Frameworks */,
				E9B15F1627FE1CA9001D4275 /* FirebaseAnalyticsWithoutAdIdSupport in Frameworks */,
				E9B15F2227FE1CA9001D4275 /* FirebaseFirestore in Frameworks */,
				E9B15F2027FE1CA9001D4275 /* FirebaseDynamicLinks in Frameworks */,
				E9B15F1A27FE1CA9001D4275 /* FirebaseAuth in Frameworks */,
				E9B15F2C27FE1CA9001D4275 /* FirebaseRemoteConfig in Frameworks */,
				E9B15F2E27FE1CA9001D4275 /* FirebaseStorage in Frameworks */,
				E9B15F2827FE1CA9001D4275 /* FirebaseMessaging in Frameworks */,
				E9B15F2627FE1CA9001D4275 /* FirebaseInstallations in Frameworks */,
			);
			runOnlyForDeploymentPostprocessing = 0;
		};
		965A13F727F8C19400B5399D /* Frameworks */ = {
			isa = PBXFrameworksBuildPhase;
			buildActionMask = 2147483647;
			files = (
			);
			runOnlyForDeploymentPostprocessing = 0;
		};
		965A140127F8C19400B5399D /* Frameworks */ = {
			isa = PBXFrameworksBuildPhase;
			buildActionMask = 2147483647;
			files = (
			);
			runOnlyForDeploymentPostprocessing = 0;
		};
/* End PBXFrameworksBuildPhase section */

/* Begin PBXGroup section */
		964D5A002800F3E300AB2856 /* Models */ = {
			isa = PBXGroup;
			children = (
				964D59FE2800F3DB00AB2856 /* DataModels.swift */,
			);
			path = Models;
			sourceTree = "<group>";
		};
		964D5A012800F3FE00AB2856 /* Controllers */ = {
			isa = PBXGroup;
			children = (
				964D59FC2800E6AE00AB2856 /* DBFunctions.swift */,
			);
			path = Controllers;
			sourceTree = "<group>";
		};
		964D5A02280159AE00AB2856 /* Views */ = {
			isa = PBXGroup;
			children = (
			);
			path = Views;
			sourceTree = "<group>";
		};
		965A13E127F8C19000B5399D = {
			isa = PBXGroup;
			children = (
				965A13EC27F8C19000B5399D /* Wardrobe */,
				965A13FD27F8C19400B5399D /* WardrobeTests */,
				965A140727F8C19400B5399D /* WardrobeUITests */,
				965A13EB27F8C19000B5399D /* Products */,
			);
			sourceTree = "<group>";
		};
		965A13EB27F8C19000B5399D /* Products */ = {
			isa = PBXGroup;
			children = (
				965A13EA27F8C19000B5399D /* Wardrobe.app */,
				965A13FA27F8C19400B5399D /* WardrobeTests.xctest */,
				965A140427F8C19400B5399D /* WardrobeUITests.xctest */,
			);
			name = Products;
			sourceTree = "<group>";
		};
		965A13EC27F8C19000B5399D /* Wardrobe */ = {
			isa = PBXGroup;
			children = (
				964D5A02280159AE00AB2856 /* Views */,
				965A13ED27F8C19000B5399D /* WardrobeApp.swift */,
				965A13EF27F8C19000B5399D /* ContentView.swift */,
				964D5A012800F3FE00AB2856 /* Controllers */,
				964D5A002800F3E300AB2856 /* Models */,
				965A141927F8C42F00B5399D /* GoogleService-Info.plist */,
				965A13F127F8C19300B5399D /* Assets.xcassets */,
				3FF9FDED2800F4B800774802 /* UserModel.swift */,
				3FF9FDEF2800F62600774802 /* ItemModel.swift */,
				965A13F327F8C19300B5399D /* Preview Content */,
			);
			path = Wardrobe;
			sourceTree = "<group>";
		};
		965A13F327F8C19300B5399D /* Preview Content */ = {
			isa = PBXGroup;
			children = (
				965A13F427F8C19300B5399D /* Preview Assets.xcassets */,
			);
			path = "Preview Content";
			sourceTree = "<group>";
		};
		965A13FD27F8C19400B5399D /* WardrobeTests */ = {
			isa = PBXGroup;
			children = (
				965A13FE27F8C19400B5399D /* WardrobeTests.swift */,
			);
			path = WardrobeTests;
			sourceTree = "<group>";
		};
		965A140727F8C19400B5399D /* WardrobeUITests */ = {
			isa = PBXGroup;
			children = (
				965A140827F8C19400B5399D /* WardrobeUITests.swift */,
				965A140A27F8C19400B5399D /* WardrobeUITestsLaunchTests.swift */,
			);
			path = WardrobeUITests;
			sourceTree = "<group>";
		};
/* End PBXGroup section */

/* Begin PBXNativeTarget section */
		965A13E927F8C19000B5399D /* Wardrobe */ = {
			isa = PBXNativeTarget;
			buildConfigurationList = 965A140E27F8C19400B5399D /* Build configuration list for PBXNativeTarget "Wardrobe" */;
			buildPhases = (
				965A13E627F8C19000B5399D /* Sources */,
				965A13E727F8C19000B5399D /* Frameworks */,
				965A13E827F8C19000B5399D /* Resources */,
			);
			buildRules = (
			);
			dependencies = (
			);
			name = Wardrobe;
			packageProductDependencies = (
				E9B15F1327FE1CA9001D4275 /* FirebaseAnalytics */,
				E9B15F1527FE1CA9001D4275 /* FirebaseAnalyticsWithoutAdIdSupport */,
				E9B15F1727FE1CA9001D4275 /* FirebaseAppCheck */,
				E9B15F1927FE1CA9001D4275 /* FirebaseAuth */,
				E9B15F1B27FE1CA9001D4275 /* FirebaseCrashlytics */,
				E9B15F1D27FE1CA9001D4275 /* FirebaseDatabase */,
				E9B15F1F27FE1CA9001D4275 /* FirebaseDynamicLinks */,
				E9B15F2127FE1CA9001D4275 /* FirebaseFirestore */,
				E9B15F2327FE1CA9001D4275 /* FirebaseFunctions */,
				E9B15F2527FE1CA9001D4275 /* FirebaseInstallations */,
				E9B15F2727FE1CA9001D4275 /* FirebaseMessaging */,
				E9B15F2927FE1CA9001D4275 /* FirebasePerformance */,
				E9B15F2B27FE1CA9001D4275 /* FirebaseRemoteConfig */,
				E9B15F2D27FE1CA9001D4275 /* FirebaseStorage */,
			);
			productName = Wardrobe;
			productReference = 965A13EA27F8C19000B5399D /* Wardrobe.app */;
			productType = "com.apple.product-type.application";
		};
		965A13F927F8C19400B5399D /* WardrobeTests */ = {
			isa = PBXNativeTarget;
			buildConfigurationList = 965A141127F8C19400B5399D /* Build configuration list for PBXNativeTarget "WardrobeTests" */;
			buildPhases = (
				965A13F627F8C19400B5399D /* Sources */,
				965A13F727F8C19400B5399D /* Frameworks */,
				965A13F827F8C19400B5399D /* Resources */,
			);
			buildRules = (
			);
			dependencies = (
				965A13FC27F8C19400B5399D /* PBXTargetDependency */,
			);
			name = WardrobeTests;
			productName = WardrobeTests;
			productReference = 965A13FA27F8C19400B5399D /* WardrobeTests.xctest */;
			productType = "com.apple.product-type.bundle.unit-test";
		};
		965A140327F8C19400B5399D /* WardrobeUITests */ = {
			isa = PBXNativeTarget;
			buildConfigurationList = 965A141427F8C19400B5399D /* Build configuration list for PBXNativeTarget "WardrobeUITests" */;
			buildPhases = (
				965A140027F8C19400B5399D /* Sources */,
				965A140127F8C19400B5399D /* Frameworks */,
				965A140227F8C19400B5399D /* Resources */,
			);
			buildRules = (
			);
			dependencies = (
				965A140627F8C19400B5399D /* PBXTargetDependency */,
			);
			name = WardrobeUITests;
			productName = WardrobeUITests;
			productReference = 965A140427F8C19400B5399D /* WardrobeUITests.xctest */;
			productType = "com.apple.product-type.bundle.ui-testing";
		};
/* End PBXNativeTarget section */

/* Begin PBXProject section */
		965A13E227F8C19000B5399D /* Project object */ = {
			isa = PBXProject;
			attributes = {
				BuildIndependentTargetsInParallel = 1;
				LastSwiftUpdateCheck = 1320;
				LastUpgradeCheck = 1320;
				TargetAttributes = {
					965A13E927F8C19000B5399D = {
						CreatedOnToolsVersion = 13.2.1;
					};
					965A13F927F8C19400B5399D = {
						CreatedOnToolsVersion = 13.2.1;
						TestTargetID = 965A13E927F8C19000B5399D;
					};
					965A140327F8C19400B5399D = {
						CreatedOnToolsVersion = 13.2.1;
						TestTargetID = 965A13E927F8C19000B5399D;
					};
				};
			};
			buildConfigurationList = 965A13E527F8C19000B5399D /* Build configuration list for PBXProject "Wardrobe" */;
			compatibilityVersion = "Xcode 13.0";
			developmentRegion = en;
			hasScannedForEncodings = 0;
			knownRegions = (
				en,
				Base,
			);
			mainGroup = 965A13E127F8C19000B5399D;
			packageReferences = (
				E9B15F1227FE1CA9001D4275 /* XCRemoteSwiftPackageReference "firebase-ios-sdk" */,
			);
			productRefGroup = 965A13EB27F8C19000B5399D /* Products */;
			projectDirPath = "";
			projectRoot = "";
			targets = (
				965A13E927F8C19000B5399D /* Wardrobe */,
				965A13F927F8C19400B5399D /* WardrobeTests */,
				965A140327F8C19400B5399D /* WardrobeUITests */,
			);
		};
/* End PBXProject section */

/* Begin PBXResourcesBuildPhase section */
		965A13E827F8C19000B5399D /* Resources */ = {
			isa = PBXResourcesBuildPhase;
			buildActionMask = 2147483647;
			files = (
				965A13F527F8C19300B5399D /* Preview Assets.xcassets in Resources */,
				965A13F227F8C19300B5399D /* Assets.xcassets in Resources */,
				965A141A27F8C42F00B5399D /* GoogleService-Info.plist in Resources */,
			);
			runOnlyForDeploymentPostprocessing = 0;
		};
		965A13F827F8C19400B5399D /* Resources */ = {
			isa = PBXResourcesBuildPhase;
			buildActionMask = 2147483647;
			files = (
				965A141B27F8C42F00B5399D /* GoogleService-Info.plist in Resources */,
			);
			runOnlyForDeploymentPostprocessing = 0;
		};
		965A140227F8C19400B5399D /* Resources */ = {
			isa = PBXResourcesBuildPhase;
			buildActionMask = 2147483647;
			files = (
				965A141C27F8C42F00B5399D /* GoogleService-Info.plist in Resources */,
			);
			runOnlyForDeploymentPostprocessing = 0;
		};
/* End PBXResourcesBuildPhase section */

/* Begin PBXSourcesBuildPhase section */
		965A13E627F8C19000B5399D /* Sources */ = {
			isa = PBXSourcesBuildPhase;
			buildActionMask = 2147483647;
			files = (
				964D59FD2800E6AE00AB2856 /* DBFunctions.swift in Sources */,
				964D59FF2800F3DB00AB2856 /* DataModels.swift in Sources */,
				965A13F027F8C19000B5399D /* ContentView.swift in Sources */,
				3FF9FDEE2800F4B800774802 /* UserModel.swift in Sources */,
				3FF9FDF02800F62600774802 /* ItemModel.swift in Sources */,
				965A13EE27F8C19000B5399D /* WardrobeApp.swift in Sources */,
			);
			runOnlyForDeploymentPostprocessing = 0;
		};
		965A13F627F8C19400B5399D /* Sources */ = {
			isa = PBXSourcesBuildPhase;
			buildActionMask = 2147483647;
			files = (
				965A13FF27F8C19400B5399D /* WardrobeTests.swift in Sources */,
			);
			runOnlyForDeploymentPostprocessing = 0;
		};
		965A140027F8C19400B5399D /* Sources */ = {
			isa = PBXSourcesBuildPhase;
			buildActionMask = 2147483647;
			files = (
				965A140B27F8C19400B5399D /* WardrobeUITestsLaunchTests.swift in Sources */,
				965A140927F8C19400B5399D /* WardrobeUITests.swift in Sources */,
			);
			runOnlyForDeploymentPostprocessing = 0;
		};
/* End PBXSourcesBuildPhase section */

/* Begin PBXTargetDependency section */
		965A13FC27F8C19400B5399D /* PBXTargetDependency */ = {
			isa = PBXTargetDependency;
			target = 965A13E927F8C19000B5399D /* Wardrobe */;
			targetProxy = 965A13FB27F8C19400B5399D /* PBXContainerItemProxy */;
		};
		965A140627F8C19400B5399D /* PBXTargetDependency */ = {
			isa = PBXTargetDependency;
			target = 965A13E927F8C19000B5399D /* Wardrobe */;
			targetProxy = 965A140527F8C19400B5399D /* PBXContainerItemProxy */;
		};
/* End PBXTargetDependency section */

/* Begin XCBuildConfiguration section */
		965A140C27F8C19400B5399D /* Debug */ = {
			isa = XCBuildConfiguration;
			buildSettings = {
				ALWAYS_SEARCH_USER_PATHS = NO;
				CLANG_ANALYZER_NONNULL = YES;
				CLANG_ANALYZER_NUMBER_OBJECT_CONVERSION = YES_AGGRESSIVE;
				CLANG_CXX_LANGUAGE_STANDARD = "gnu++17";
				CLANG_CXX_LIBRARY = "libc++";
				CLANG_ENABLE_MODULES = YES;
				CLANG_ENABLE_OBJC_ARC = YES;
				CLANG_ENABLE_OBJC_WEAK = YES;
				CLANG_WARN_BLOCK_CAPTURE_AUTORELEASING = YES;
				CLANG_WARN_BOOL_CONVERSION = YES;
				CLANG_WARN_COMMA = YES;
				CLANG_WARN_CONSTANT_CONVERSION = YES;
				CLANG_WARN_DEPRECATED_OBJC_IMPLEMENTATIONS = YES;
				CLANG_WARN_DIRECT_OBJC_ISA_USAGE = YES_ERROR;
				CLANG_WARN_DOCUMENTATION_COMMENTS = YES;
				CLANG_WARN_EMPTY_BODY = YES;
				CLANG_WARN_ENUM_CONVERSION = YES;
				CLANG_WARN_INFINITE_RECURSION = YES;
				CLANG_WARN_INT_CONVERSION = YES;
				CLANG_WARN_NON_LITERAL_NULL_CONVERSION = YES;
				CLANG_WARN_OBJC_IMPLICIT_RETAIN_SELF = YES;
				CLANG_WARN_OBJC_LITERAL_CONVERSION = YES;
				CLANG_WARN_OBJC_ROOT_CLASS = YES_ERROR;
				CLANG_WARN_QUOTED_INCLUDE_IN_FRAMEWORK_HEADER = YES;
				CLANG_WARN_RANGE_LOOP_ANALYSIS = YES;
				CLANG_WARN_STRICT_PROTOTYPES = YES;
				CLANG_WARN_SUSPICIOUS_MOVE = YES;
				CLANG_WARN_UNGUARDED_AVAILABILITY = YES_AGGRESSIVE;
				CLANG_WARN_UNREACHABLE_CODE = YES;
				CLANG_WARN__DUPLICATE_METHOD_MATCH = YES;
				COPY_PHASE_STRIP = NO;
				DEBUG_INFORMATION_FORMAT = dwarf;
				ENABLE_STRICT_OBJC_MSGSEND = YES;
				ENABLE_TESTABILITY = YES;
				GCC_C_LANGUAGE_STANDARD = gnu11;
				GCC_DYNAMIC_NO_PIC = NO;
				GCC_NO_COMMON_BLOCKS = YES;
				GCC_OPTIMIZATION_LEVEL = 0;
				GCC_PREPROCESSOR_DEFINITIONS = (
					"DEBUG=1",
					"$(inherited)",
				);
				GCC_WARN_64_TO_32_BIT_CONVERSION = YES;
				GCC_WARN_ABOUT_RETURN_TYPE = YES_ERROR;
				GCC_WARN_UNDECLARED_SELECTOR = YES;
				GCC_WARN_UNINITIALIZED_AUTOS = YES_AGGRESSIVE;
				GCC_WARN_UNUSED_FUNCTION = YES;
				GCC_WARN_UNUSED_VARIABLE = YES;
				IPHONEOS_DEPLOYMENT_TARGET = 15.2;
				MTL_ENABLE_DEBUG_INFO = INCLUDE_SOURCE;
				MTL_FAST_MATH = YES;
				ONLY_ACTIVE_ARCH = YES;
				SDKROOT = iphoneos;
				SWIFT_ACTIVE_COMPILATION_CONDITIONS = DEBUG;
				SWIFT_OPTIMIZATION_LEVEL = "-Onone";
			};
			name = Debug;
		};
		965A140D27F8C19400B5399D /* Release */ = {
			isa = XCBuildConfiguration;
			buildSettings = {
				ALWAYS_SEARCH_USER_PATHS = NO;
				CLANG_ANALYZER_NONNULL = YES;
				CLANG_ANALYZER_NUMBER_OBJECT_CONVERSION = YES_AGGRESSIVE;
				CLANG_CXX_LANGUAGE_STANDARD = "gnu++17";
				CLANG_CXX_LIBRARY = "libc++";
				CLANG_ENABLE_MODULES = YES;
				CLANG_ENABLE_OBJC_ARC = YES;
				CLANG_ENABLE_OBJC_WEAK = YES;
				CLANG_WARN_BLOCK_CAPTURE_AUTORELEASING = YES;
				CLANG_WARN_BOOL_CONVERSION = YES;
				CLANG_WARN_COMMA = YES;
				CLANG_WARN_CONSTANT_CONVERSION = YES;
				CLANG_WARN_DEPRECATED_OBJC_IMPLEMENTATIONS = YES;
				CLANG_WARN_DIRECT_OBJC_ISA_USAGE = YES_ERROR;
				CLANG_WARN_DOCUMENTATION_COMMENTS = YES;
				CLANG_WARN_EMPTY_BODY = YES;
				CLANG_WARN_ENUM_CONVERSION = YES;
				CLANG_WARN_INFINITE_RECURSION = YES;
				CLANG_WARN_INT_CONVERSION = YES;
				CLANG_WARN_NON_LITERAL_NULL_CONVERSION = YES;
				CLANG_WARN_OBJC_IMPLICIT_RETAIN_SELF = YES;
				CLANG_WARN_OBJC_LITERAL_CONVERSION = YES;
				CLANG_WARN_OBJC_ROOT_CLASS = YES_ERROR;
				CLANG_WARN_QUOTED_INCLUDE_IN_FRAMEWORK_HEADER = YES;
				CLANG_WARN_RANGE_LOOP_ANALYSIS = YES;
				CLANG_WARN_STRICT_PROTOTYPES = YES;
				CLANG_WARN_SUSPICIOUS_MOVE = YES;
				CLANG_WARN_UNGUARDED_AVAILABILITY = YES_AGGRESSIVE;
				CLANG_WARN_UNREACHABLE_CODE = YES;
				CLANG_WARN__DUPLICATE_METHOD_MATCH = YES;
				COPY_PHASE_STRIP = NO;
				DEBUG_INFORMATION_FORMAT = "dwarf-with-dsym";
				ENABLE_NS_ASSERTIONS = NO;
				ENABLE_STRICT_OBJC_MSGSEND = YES;
				GCC_C_LANGUAGE_STANDARD = gnu11;
				GCC_NO_COMMON_BLOCKS = YES;
				GCC_WARN_64_TO_32_BIT_CONVERSION = YES;
				GCC_WARN_ABOUT_RETURN_TYPE = YES_ERROR;
				GCC_WARN_UNDECLARED_SELECTOR = YES;
				GCC_WARN_UNINITIALIZED_AUTOS = YES_AGGRESSIVE;
				GCC_WARN_UNUSED_FUNCTION = YES;
				GCC_WARN_UNUSED_VARIABLE = YES;
				IPHONEOS_DEPLOYMENT_TARGET = 15.2;
				MTL_ENABLE_DEBUG_INFO = NO;
				MTL_FAST_MATH = YES;
				SDKROOT = iphoneos;
				SWIFT_COMPILATION_MODE = wholemodule;
				SWIFT_OPTIMIZATION_LEVEL = "-O";
				VALIDATE_PRODUCT = YES;
			};
			name = Release;
		};
		965A140F27F8C19400B5399D /* Debug */ = {
			isa = XCBuildConfiguration;
			buildSettings = {
				ASSETCATALOG_COMPILER_APPICON_NAME = AppIcon;
				ASSETCATALOG_COMPILER_GLOBAL_ACCENT_COLOR_NAME = AccentColor;
				CODE_SIGN_STYLE = Automatic;
				CURRENT_PROJECT_VERSION = 1;
				DEVELOPMENT_ASSET_PATHS = "\"Wardrobe/Preview Content\"";
				DEVELOPMENT_TEAM = WMK8Z225FW;
				ENABLE_PREVIEWS = YES;
				GENERATE_INFOPLIST_FILE = YES;
				INFOPLIST_KEY_UIApplicationSceneManifest_Generation = YES;
				INFOPLIST_KEY_UIApplicationSupportsIndirectInputEvents = YES;
				INFOPLIST_KEY_UILaunchScreen_Generation = YES;
				INFOPLIST_KEY_UISupportedInterfaceOrientations_iPad = "UIInterfaceOrientationPortrait UIInterfaceOrientationPortraitUpsideDown UIInterfaceOrientationLandscapeLeft UIInterfaceOrientationLandscapeRight";
				INFOPLIST_KEY_UISupportedInterfaceOrientations_iPhone = "UIInterfaceOrientationPortrait UIInterfaceOrientationLandscapeLeft UIInterfaceOrientationLandscapeRight";
				IPHONEOS_DEPLOYMENT_TARGET = 15.0;
				LD_RUNPATH_SEARCH_PATHS = (
					"$(inherited)",
					"@executable_path/Frameworks",
				);
				MARKETING_VERSION = 1.0;
				PRODUCT_BUNDLE_IDENTIFIER = com.baphometdevelopment.Wardrobe;
				PRODUCT_NAME = "$(TARGET_NAME)";
				SWIFT_EMIT_LOC_STRINGS = YES;
				SWIFT_VERSION = 5.0;
				TARGETED_DEVICE_FAMILY = "1,2";
			};
			name = Debug;
		};
		965A141027F8C19400B5399D /* Release */ = {
			isa = XCBuildConfiguration;
			buildSettings = {
				ASSETCATALOG_COMPILER_APPICON_NAME = AppIcon;
				ASSETCATALOG_COMPILER_GLOBAL_ACCENT_COLOR_NAME = AccentColor;
				CODE_SIGN_STYLE = Automatic;
				CURRENT_PROJECT_VERSION = 1;
				DEVELOPMENT_ASSET_PATHS = "\"Wardrobe/Preview Content\"";
				DEVELOPMENT_TEAM = WMK8Z225FW;
				ENABLE_PREVIEWS = YES;
				GENERATE_INFOPLIST_FILE = YES;
				INFOPLIST_KEY_UIApplicationSceneManifest_Generation = YES;
				INFOPLIST_KEY_UIApplicationSupportsIndirectInputEvents = YES;
				INFOPLIST_KEY_UILaunchScreen_Generation = YES;
				INFOPLIST_KEY_UISupportedInterfaceOrientations_iPad = "UIInterfaceOrientationPortrait UIInterfaceOrientationPortraitUpsideDown UIInterfaceOrientationLandscapeLeft UIInterfaceOrientationLandscapeRight";
				INFOPLIST_KEY_UISupportedInterfaceOrientations_iPhone = "UIInterfaceOrientationPortrait UIInterfaceOrientationLandscapeLeft UIInterfaceOrientationLandscapeRight";
				IPHONEOS_DEPLOYMENT_TARGET = 15.0;
				LD_RUNPATH_SEARCH_PATHS = (
					"$(inherited)",
					"@executable_path/Frameworks",
				);
				MARKETING_VERSION = 1.0;
				PRODUCT_BUNDLE_IDENTIFIER = com.baphometdevelopment.Wardrobe;
				PRODUCT_NAME = "$(TARGET_NAME)";
				SWIFT_EMIT_LOC_STRINGS = YES;
				SWIFT_VERSION = 5.0;
				TARGETED_DEVICE_FAMILY = "1,2";
			};
			name = Release;
		};
		965A141227F8C19400B5399D /* Debug */ = {
			isa = XCBuildConfiguration;
			buildSettings = {
				ALWAYS_EMBED_SWIFT_STANDARD_LIBRARIES = YES;
				BUNDLE_LOADER = "$(TEST_HOST)";
				CODE_SIGN_STYLE = Automatic;
				CURRENT_PROJECT_VERSION = 1;
				GENERATE_INFOPLIST_FILE = YES;
				IPHONEOS_DEPLOYMENT_TARGET = 15.2;
				MARKETING_VERSION = 1.0;
				PRODUCT_BUNDLE_IDENTIFIER = com.baphometdevelopment.WardrobeTests;
				PRODUCT_NAME = "$(TARGET_NAME)";
				SWIFT_EMIT_LOC_STRINGS = NO;
				SWIFT_VERSION = 5.0;
				TARGETED_DEVICE_FAMILY = "1,2";
				TEST_HOST = "$(BUILT_PRODUCTS_DIR)/Wardrobe.app/Wardrobe";
			};
			name = Debug;
		};
		965A141327F8C19400B5399D /* Release */ = {
			isa = XCBuildConfiguration;
			buildSettings = {
				ALWAYS_EMBED_SWIFT_STANDARD_LIBRARIES = YES;
				BUNDLE_LOADER = "$(TEST_HOST)";
				CODE_SIGN_STYLE = Automatic;
				CURRENT_PROJECT_VERSION = 1;
				GENERATE_INFOPLIST_FILE = YES;
				IPHONEOS_DEPLOYMENT_TARGET = 15.2;
				MARKETING_VERSION = 1.0;
				PRODUCT_BUNDLE_IDENTIFIER = com.baphometdevelopment.WardrobeTests;
				PRODUCT_NAME = "$(TARGET_NAME)";
				SWIFT_EMIT_LOC_STRINGS = NO;
				SWIFT_VERSION = 5.0;
				TARGETED_DEVICE_FAMILY = "1,2";
				TEST_HOST = "$(BUILT_PRODUCTS_DIR)/Wardrobe.app/Wardrobe";
			};
			name = Release;
		};
		965A141527F8C19400B5399D /* Debug */ = {
			isa = XCBuildConfiguration;
			buildSettings = {
				ALWAYS_EMBED_SWIFT_STANDARD_LIBRARIES = YES;
				CODE_SIGN_STYLE = Automatic;
				CURRENT_PROJECT_VERSION = 1;
				GENERATE_INFOPLIST_FILE = YES;
				MARKETING_VERSION = 1.0;
				PRODUCT_BUNDLE_IDENTIFIER = com.baphometdevelopment.WardrobeUITests;
				PRODUCT_NAME = "$(TARGET_NAME)";
				SWIFT_EMIT_LOC_STRINGS = NO;
				SWIFT_VERSION = 5.0;
				TARGETED_DEVICE_FAMILY = "1,2";
				TEST_TARGET_NAME = Wardrobe;
			};
			name = Debug;
		};
		965A141627F8C19400B5399D /* Release */ = {
			isa = XCBuildConfiguration;
			buildSettings = {
				ALWAYS_EMBED_SWIFT_STANDARD_LIBRARIES = YES;
				CODE_SIGN_STYLE = Automatic;
				CURRENT_PROJECT_VERSION = 1;
				GENERATE_INFOPLIST_FILE = YES;
				MARKETING_VERSION = 1.0;
				PRODUCT_BUNDLE_IDENTIFIER = com.baphometdevelopment.WardrobeUITests;
				PRODUCT_NAME = "$(TARGET_NAME)";
				SWIFT_EMIT_LOC_STRINGS = NO;
				SWIFT_VERSION = 5.0;
				TARGETED_DEVICE_FAMILY = "1,2";
				TEST_TARGET_NAME = Wardrobe;
			};
			name = Release;
		};
/* End XCBuildConfiguration section */

/* Begin XCConfigurationList section */
		965A13E527F8C19000B5399D /* Build configuration list for PBXProject "Wardrobe" */ = {
			isa = XCConfigurationList;
			buildConfigurations = (
				965A140C27F8C19400B5399D /* Debug */,
				965A140D27F8C19400B5399D /* Release */,
			);
			defaultConfigurationIsVisible = 0;
			defaultConfigurationName = Release;
		};
		965A140E27F8C19400B5399D /* Build configuration list for PBXNativeTarget "Wardrobe" */ = {
			isa = XCConfigurationList;
			buildConfigurations = (
				965A140F27F8C19400B5399D /* Debug */,
				965A141027F8C19400B5399D /* Release */,
			);
			defaultConfigurationIsVisible = 0;
			defaultConfigurationName = Release;
		};
		965A141127F8C19400B5399D /* Build configuration list for PBXNativeTarget "WardrobeTests" */ = {
			isa = XCConfigurationList;
			buildConfigurations = (
				965A141227F8C19400B5399D /* Debug */,
				965A141327F8C19400B5399D /* Release */,
			);
			defaultConfigurationIsVisible = 0;
			defaultConfigurationName = Release;
		};
		965A141427F8C19400B5399D /* Build configuration list for PBXNativeTarget "WardrobeUITests" */ = {
			isa = XCConfigurationList;
			buildConfigurations = (
				965A141527F8C19400B5399D /* Debug */,
				965A141627F8C19400B5399D /* Release */,
			);
			defaultConfigurationIsVisible = 0;
			defaultConfigurationName = Release;
		};
/* End XCConfigurationList section */

/* Begin XCRemoteSwiftPackageReference section */
		E9B15F1227FE1CA9001D4275 /* XCRemoteSwiftPackageReference "firebase-ios-sdk" */ = {
			isa = XCRemoteSwiftPackageReference;
			repositoryURL = "https://github.com/firebase/firebase-ios-sdk.git";
			requirement = {
				kind = upToNextMajorVersion;
				minimumVersion = 8.0.0;
			};
		};
/* End XCRemoteSwiftPackageReference section */

/* Begin XCSwiftPackageProductDependency section */
		E9B15F1327FE1CA9001D4275 /* FirebaseAnalytics */ = {
			isa = XCSwiftPackageProductDependency;
			package = E9B15F1227FE1CA9001D4275 /* XCRemoteSwiftPackageReference "firebase-ios-sdk" */;
			productName = FirebaseAnalytics;
		};
		E9B15F1527FE1CA9001D4275 /* FirebaseAnalyticsWithoutAdIdSupport */ = {
			isa = XCSwiftPackageProductDependency;
			package = E9B15F1227FE1CA9001D4275 /* XCRemoteSwiftPackageReference "firebase-ios-sdk" */;
			productName = FirebaseAnalyticsWithoutAdIdSupport;
		};
		E9B15F1727FE1CA9001D4275 /* FirebaseAppCheck */ = {
			isa = XCSwiftPackageProductDependency;
			package = E9B15F1227FE1CA9001D4275 /* XCRemoteSwiftPackageReference "firebase-ios-sdk" */;
			productName = FirebaseAppCheck;
		};
		E9B15F1927FE1CA9001D4275 /* FirebaseAuth */ = {
			isa = XCSwiftPackageProductDependency;
			package = E9B15F1227FE1CA9001D4275 /* XCRemoteSwiftPackageReference "firebase-ios-sdk" */;
			productName = FirebaseAuth;
		};
		E9B15F1B27FE1CA9001D4275 /* FirebaseCrashlytics */ = {
			isa = XCSwiftPackageProductDependency;
			package = E9B15F1227FE1CA9001D4275 /* XCRemoteSwiftPackageReference "firebase-ios-sdk" */;
			productName = FirebaseCrashlytics;
		};
		E9B15F1D27FE1CA9001D4275 /* FirebaseDatabase */ = {
			isa = XCSwiftPackageProductDependency;
			package = E9B15F1227FE1CA9001D4275 /* XCRemoteSwiftPackageReference "firebase-ios-sdk" */;
			productName = FirebaseDatabase;
		};
		E9B15F1F27FE1CA9001D4275 /* FirebaseDynamicLinks */ = {
			isa = XCSwiftPackageProductDependency;
			package = E9B15F1227FE1CA9001D4275 /* XCRemoteSwiftPackageReference "firebase-ios-sdk" */;
			productName = FirebaseDynamicLinks;
		};
		E9B15F2127FE1CA9001D4275 /* FirebaseFirestore */ = {
			isa = XCSwiftPackageProductDependency;
			package = E9B15F1227FE1CA9001D4275 /* XCRemoteSwiftPackageReference "firebase-ios-sdk" */;
			productName = FirebaseFirestore;
		};
		E9B15F2327FE1CA9001D4275 /* FirebaseFunctions */ = {
			isa = XCSwiftPackageProductDependency;
			package = E9B15F1227FE1CA9001D4275 /* XCRemoteSwiftPackageReference "firebase-ios-sdk" */;
			productName = FirebaseFunctions;
		};
		E9B15F2527FE1CA9001D4275 /* FirebaseInstallations */ = {
			isa = XCSwiftPackageProductDependency;
			package = E9B15F1227FE1CA9001D4275 /* XCRemoteSwiftPackageReference "firebase-ios-sdk" */;
			productName = FirebaseInstallations;
		};
		E9B15F2727FE1CA9001D4275 /* FirebaseMessaging */ = {
			isa = XCSwiftPackageProductDependency;
			package = E9B15F1227FE1CA9001D4275 /* XCRemoteSwiftPackageReference "firebase-ios-sdk" */;
			productName = FirebaseMessaging;
		};
		E9B15F2927FE1CA9001D4275 /* FirebasePerformance */ = {
			isa = XCSwiftPackageProductDependency;
			package = E9B15F1227FE1CA9001D4275 /* XCRemoteSwiftPackageReference "firebase-ios-sdk" */;
			productName = FirebasePerformance;
		};
		E9B15F2B27FE1CA9001D4275 /* FirebaseRemoteConfig */ = {
			isa = XCSwiftPackageProductDependency;
			package = E9B15F1227FE1CA9001D4275 /* XCRemoteSwiftPackageReference "firebase-ios-sdk" */;
			productName = FirebaseRemoteConfig;
		};
		E9B15F2D27FE1CA9001D4275 /* FirebaseStorage */ = {
			isa = XCSwiftPackageProductDependency;
			package = E9B15F1227FE1CA9001D4275 /* XCRemoteSwiftPackageReference "firebase-ios-sdk" */;
			productName = FirebaseStorage;
		};
/* End XCSwiftPackageProductDependency section */
	};
	rootObject = 965A13E227F8C19000B5399D /* Project object */;
}
